<?xml version="1.0" encoding="utf-8"?>
<Project ToolsVersion="4.0" xmlns="http://schemas.microsoft.com/developer/msbuild/2003">
  <ItemGroup>
    <Filter Include="Source Files">
      <UniqueIdentifier>{4FC737F1-C7A5-4376-A066-2A32D752A2FF}</UniqueIdentifier>
      <Extensions>cpp;c;cc;cxx;c++;cppm;ixx;def;odl;idl;hpj;bat;asm;asmx</Extensions>
    </Filter>
    <Filter Include="Header Files">
      <UniqueIdentifier>{93995380-89BD-4b04-88EB-625FBE52EBFB}</UniqueIdentifier>
      <Extensions>h;hh;hpp;hxx;h++;hm;inl;inc;ipp;xsd</Extensions>
    </Filter>
    <Filter Include="Resource Files">
      <UniqueIdentifier>{67DA6AB6-F800-4c08-8B7A-83BB121AAD01}</UniqueIdentifier>
      <Extensions>rc;ico;cur;bmp;dlg;rc2;rct;bin;rgs;gif;jpg;jpeg;jpe;resx;tiff;tif;png;wav;mfcribbon-ms</Extensions>
    </Filter>
  </ItemGroup>
  <ItemGroup>
    <None Include="res\shaders\Test4.vert" />
    <None Include="res\shaders\Test1.frag" />
    <None Include="res\shaders\Test1.vert" />
    <None Include="res\shaders\Test2.frag" />
    <None Include="res\shaders\Test2.vert" />
    <None Include="res\shaders\Test3.frag" />
    <None Include="res\shaders\Test3.vert" />
    <None Include="res\shaders\Test4.frag" />
  </ItemGroup>
  <ItemGroup>
    <ClCompile Include="src\Application.cpp">
      <Filter>Source Files</Filter>
    </ClCompile>
    <ClCompile Include="src\ZPGProject.cpp">
      <Filter>Source Files</Filter>
    </ClCompile>
    <ClCompile Include="src\gfx\DrawableObject.cpp">
      <Filter>Source Files</Filter>
    </ClCompile>
    <ClCompile Include="src\gfx\Model.cpp">
      <Filter>Source Files</Filter>
    </ClCompile>
    <ClCompile Include="src\gfx\Scene.cpp">
      <Filter>Source Files</Filter>
    </ClCompile>
    <ClCompile Include="src\gfx\Shader.cpp">
      <Filter>Source Files</Filter>
    </ClCompile>
    <ClCompile Include="src\gfx\Transforms.cpp">
      <Filter>Source Files</Filter>
    </ClCompile>
    <ClCompile Include="src\gfx\VertexArray.cpp">
      <Filter>Source Files</Filter>
    </ClCompile>
    <ClCompile Include="src\gfx\VertexBuffer.cpp">
      <Filter>Source Files</Filter>
    </ClCompile>
    <ClCompile Include="src\gfx\Camera.cpp">
      <Filter>Source Files</Filter>
    </ClCompile>
  </ItemGroup>
  <ItemGroup>
    <ClInclude Include="src\Application.h">
      <Filter>Header Files</Filter>
    </ClInclude>
    <ClInclude Include="src\gfx\VertexBuffer.h">
      <Filter>Header Files</Filter>
    </ClInclude>
    <ClInclude Include="src\gfx\models\bushes.h">
      <Filter>Header Files</Filter>
    </ClInclude>
    <ClInclude Include="src\gfx\models\gift.h">
      <Filter>Header Files</Filter>
    </ClInclude>
    <ClInclude Include="src\gfx\models\plain.h">
      <Filter>Header Files</Filter>
    </ClInclude>
    <ClInclude Include="src\gfx\models\sphere.h">
      <Filter>Header Files</Filter>
    </ClInclude>
    <ClInclude Include="src\gfx\models\suzi_flat.h">
      <Filter>Header Files</Filter>
    </ClInclude>
    <ClInclude Include="src\gfx\models\suzi_smooth.h">
      <Filter>Header Files</Filter>
    </ClInclude>
    <ClInclude Include="src\gfx\models\tree.h">
      <Filter>Header Files</Filter>
    </ClInclude>
    <ClInclude Include="src\gfx\trans\Rotate.h">
      <Filter>Header Files</Filter>
    </ClInclude>
    <ClInclude Include="src\gfx\trans\RotateTime.h">
      <Filter>Header Files</Filter>
    </ClInclude>
    <ClInclude Include="src\gfx\trans\Scale.h">
      <Filter>Header Files</Filter>
    </ClInclude>
    <ClInclude Include="src\gfx\trans\Transform.h">
      <Filter>Header Files</Filter>
    </ClInclude>
    <ClInclude Include="src\gfx\trans\Translate.h">
      <Filter>Header Files</Filter>
    </ClInclude>
    <ClInclude Include="src\gfx\DrawableObject.h">
      <Filter>Header Files</Filter>
    </ClInclude>
    <ClInclude Include="src\gfx\Model.h">
      <Filter>Header Files</Filter>
    </ClInclude>
    <ClInclude Include="src\gfx\Scene.h">
      <Filter>Header Files</Filter>
    </ClInclude>
    <ClInclude Include="src\gfx\Shader.h">
      <Filter>Header Files</Filter>
    </ClInclude>
    <ClInclude Include="src\gfx\Transforms.h">
      <Filter>Header Files</Filter>
    </ClInclude>
    <ClInclude Include="src\gfx\VertexArray.h">
      <Filter>Header Files</Filter>
    </ClInclude>
    <ClInclude Include="src\gfx\Camera.h">
      <Filter>Header Files</Filter>
    </ClInclude>
    <ClInclude Include="src\ResourceManager.h">
      <Filter>Header Files</Filter>
    </ClInclude>
  </ItemGroup>
</Project>