<?xml version="1.0" encoding="utf-8"?>
<Project ToolsVersion="4.0" xmlns="http://schemas.microsoft.com/developer/msbuild/2003">
  <ItemGroup>
    <Filter Include="Source Files">
      <UniqueIdentifier>{4FC737F1-C7A5-4376-A066-2A32D752A2FF}</UniqueIdentifier>
      <Extensions>cpp;c;cc;cxx;c++;cppm;ixx;def;odl;idl;hpj;bat;asm;asmx</Extensions>
    </Filter>
    <Filter Include="Header Files">
      <UniqueIdentifier>{93995380-89BD-4b04-88EB-625FBE52EBFB}</UniqueIdentifier>
      <Extensions>h;hh;hpp;hxx;h++;hm;inl;inc;ipp;xsd</Extensions>
    </Filter>
    <Filter Include="Resource Files">
      <UniqueIdentifier>{67DA6AB6-F800-4c08-8B7A-83BB121AAD01}</UniqueIdentifier>
      <Extensions>rc;ico;cur;bmp;dlg;rc2;rct;bin;rgs;gif;jpg;jpeg;jpe;resx;tiff;tif;png;wav;mfcribbon-ms</Extensions>
    </Filter>
  </ItemGroup>
  <ItemGroup>
    <None Include="res\shaders\Test4.vert" />
    <None Include="res\shaders\Test4.frag" />
    <None Include="res\shaders\Lambert.frag" />
    <None Include="res\shaders\Constant.frag" />
    <None Include="res\shaders\Phong.frag" />
    <None Include="res\shaders\Blinn.frag" />
    <None Include="res\shaders\Default.vert" />
  </ItemGroup>
  <ItemGroup>
    <ClCompile Include="src\Application.cpp">
      <Filter>Source Files</Filter>
    </ClCompile>
    <ClCompile Include="src\ZPGProject.cpp">
      <Filter>Source Files</Filter>
    </ClCompile>
    <ClCompile Include="src\gfx\DrawableObject.cpp">
      <Filter>Source Files</Filter>
    </ClCompile>
    <ClCompile Include="src\gfx\Model.cpp">
      <Filter>Source Files</Filter>
    </ClCompile>
    <ClCompile Include="src\gfx\Scene.cpp">
      <Filter>Source Files</Filter>
    </ClCompile>
    <ClCompile Include="src\gfx\gfxHelpers\Shader.cpp">
      <Filter>Source Files</Filter>
    </ClCompile>
    <ClCompile Include="src\gfx\trans\TransformComposite.cpp">
      <Filter>Source Files</Filter>
    </ClCompile>
    <ClCompile Include="src\gfx\gfxHelpers\VertexArray.cpp">
      <Filter>Source Files</Filter>
    </ClCompile>
    <ClCompile Include="src\gfx\gfxHelpers\VertexBuffer.cpp">
      <Filter>Source Files</Filter>
    </ClCompile>
    <ClCompile Include="src\gfx\Camera.cpp">
      <Filter>Source Files</Filter>
    </ClCompile>
    <ClCompile Include="src\gfx\lights\Light.cpp">
      <Filter>Source Files</Filter>
    </ClCompile>
    <ClCompile Include="src\gfx\ShaderProgram.cpp">
      <Filter>Source Files</Filter>
    </ClCompile>
    <ClCompile Include="src\gfx\gfxHelpers\VertexShader.cpp">
      <Filter>Source Files</Filter>
    </ClCompile>
    <ClCompile Include="src\gfx\gfxHelpers\FragmentShader.cpp">
      <Filter>Source Files</Filter>
    </ClCompile>
    <ClCompile Include="src\ObservableObject.cpp">
      <Filter>Source Files</Filter>
    </ClCompile>
    <ClCompile Include="src\Resources.cpp">
      <Filter>Source Files</Filter>
    </ClCompile>
    <ClCompile Include="src\gfx\trans\Rotate.cpp">
      <Filter>Source Files</Filter>
    </ClCompile>
    <ClCompile Include="src\gfx\trans\RotateTime.cpp">
      <Filter>Source Files</Filter>
    </ClCompile>
    <ClCompile Include="src\gfx\trans\Scale.cpp">
      <Filter>Source Files</Filter>
    </ClCompile>
    <ClCompile Include="src\gfx\trans\Translate.cpp">
      <Filter>Source Files</Filter>
    </ClCompile>
    <ClCompile Include="src\gfx\trans\TranslateRandom.cpp">
      <Filter>Source Files</Filter>
    </ClCompile>
    <ClCompile Include="src\gfx\Material.cpp">
      <Filter>Source Files</Filter>
    </ClCompile>
    <ClCompile Include="src\gfx\lights\PointLight.cpp">
      <Filter>Source Files</Filter>
    </ClCompile>
    <ClCompile Include="src\gfx\lights\DirectionalLight.cpp">
      <Filter>Source Files</Filter>
    </ClCompile>
    <ClCompile Include="src\gfx\lights\AmbientLight.cpp">
      <Filter>Source Files</Filter>
    </ClCompile>
    <ClCompile Include="src\gfx\lights\SpotLight.cpp">
      <Filter>Source Files</Filter>
    </ClCompile>
    <ClCompile Include="src\gfx\trans\FollowCamera.cpp">
      <Filter>Source Files</Filter>
    </ClCompile>
    <ClCompile Include="src\gfx\lights\FlashLight.cpp">
      <Filter>Source Files</Filter>
    </ClCompile>
  </ItemGroup>
  <ItemGroup>
    <ClInclude Include="src\Application.h">
      <Filter>Header Files</Filter>
    </ClInclude>
    <ClInclude Include="src\gfx\gfxHelpers\VertexBuffer.h">
      <Filter>Header Files</Filter>
    </ClInclude>
    <ClInclude Include="src\gfx\models\bushes.h">
      <Filter>Header Files</Filter>
    </ClInclude>
    <ClInclude Include="src\gfx\models\gift.h">
      <Filter>Header Files</Filter>
    </ClInclude>
    <ClInclude Include="src\gfx\models\plain.h">
      <Filter>Header Files</Filter>
    </ClInclude>
    <ClInclude Include="src\gfx\models\sphere.h">
      <Filter>Header Files</Filter>
    </ClInclude>
    <ClInclude Include="src\gfx\models\suzi_flat.h">
      <Filter>Header Files</Filter>
    </ClInclude>
    <ClInclude Include="src\gfx\models\suzi_smooth.h">
      <Filter>Header Files</Filter>
    </ClInclude>
    <ClInclude Include="src\gfx\models\tree.h">
      <Filter>Header Files</Filter>
    </ClInclude>
    <ClInclude Include="src\gfx\trans\Rotate.h">
      <Filter>Header Files</Filter>
    </ClInclude>
    <ClInclude Include="src\gfx\trans\RotateTime.h">
      <Filter>Header Files</Filter>
    </ClInclude>
    <ClInclude Include="src\gfx\trans\Scale.h">
      <Filter>Header Files</Filter>
    </ClInclude>
    <ClInclude Include="src\gfx\trans\TransformComponent.h">
      <Filter>Header Files</Filter>
    </ClInclude>
    <ClInclude Include="src\gfx\trans\Translate.h">
      <Filter>Header Files</Filter>
    </ClInclude>
    <ClInclude Include="src\gfx\DrawableObject.h">
      <Filter>Header Files</Filter>
    </ClInclude>
    <ClInclude Include="src\gfx\Model.h">
      <Filter>Header Files</Filter>
    </ClInclude>
    <ClInclude Include="src\gfx\Scene.h">
      <Filter>Header Files</Filter>
    </ClInclude>
    <ClInclude Include="src\gfx\gfxHelpers\Shader.h">
      <Filter>Header Files</Filter>
    </ClInclude>
    <ClInclude Include="src\gfx\trans\TransformComposite.h">
      <Filter>Header Files</Filter>
    </ClInclude>
    <ClInclude Include="src\gfx\gfxHelpers\VertexArray.h">
      <Filter>Header Files</Filter>
    </ClInclude>
    <ClInclude Include="src\gfx\Camera.h">
      <Filter>Header Files</Filter>
    </ClInclude>
    <ClInclude Include="src\ResourceManager.h">
      <Filter>Header Files</Filter>
    </ClInclude>
    <ClInclude Include="src\gfx\lights\Light.h">
      <Filter>Header Files</Filter>
    </ClInclude>
    <ClInclude Include="src\Observer.h">
      <Filter>Header Files</Filter>
    </ClInclude>
    <ClInclude Include="src\gfx\ShaderProgram.h">
      <Filter>Header Files</Filter>
    </ClInclude>
    <ClInclude Include="src\gfx\gfxHelpers\VertexShader.h">
      <Filter>Header Files</Filter>
    </ClInclude>
    <ClInclude Include="src\gfx\gfxHelpers\FragmentShader.h">
      <Filter>Header Files</Filter>
    </ClInclude>
    <ClInclude Include="src\ObservableObject.h">
      <Filter>Header Files</Filter>
    </ClInclude>
    <ClInclude Include="src\Resources.h">
      <Filter>Header Files</Filter>
    </ClInclude>
    <ClInclude Include="src\ObserverableArgs.h">
      <Filter>Header Files</Filter>
    </ClInclude>
    <ClInclude Include="src\gfx\trans\TranslateRandom.h">
      <Filter>Header Files</Filter>
    </ClInclude>
    <ClInclude Include="src\gfx\Material.h">
      <Filter>Header Files</Filter>
    </ClInclude>
    <ClInclude Include="src\gfx\lights\PointLight.h">
      <Filter>Header Files</Filter>
    </ClInclude>
    <ClInclude Include="src\gfx\lights\DirectionalLight.h">
      <Filter>Header Files</Filter>
    </ClInclude>
    <ClInclude Include="src\gfx\lights\AmbientLight.h">
      <Filter>Header Files</Filter>
    </ClInclude>
    <ClInclude Include="src\gfx\lights\SpotLight.h">
      <Filter>Header Files</Filter>
    </ClInclude>
    <ClInclude Include="src\gfx\trans\FollowCamera.h">
      <Filter>Header Files</Filter>
    </ClInclude>
    <ClInclude Include="src\gfx\lights\FlashLight.h">
      <Filter>Header Files</Filter>
    </ClInclude>
  </ItemGroup>
</Project>